
Microsoft Visual Studio Solution File, Format Version 12.00
# Visual Studio 15
VisualStudioVersion = 15.0.27703.2035
MinimumVisualStudioVersion = 10.0.40219.1
Project("{FAE04EC0-301F-11D3-BF4B-00C04F79EFBC}") = "ProjectedRaises", "ProjectedRaises\ProjectedRaises.csproj", "{F6C71074-7DE6-4286-8054-BECE9D8585CC}"
EndProject
Global
	GlobalSection(SolutionConfigurationPlatforms) = preSolution
		Debug|Any CPU = Debug|Any CPU
		Release|Any CPU = Release|Any CPU
	EndGlobalSection
	GlobalSection(ProjectConfigurationPlatforms) = postSolution
		{F6C71074-7DE6-4286-8054-BECE9D8585CC}.Debug|Any CPU.ActiveCfg = Debug|Any CPU
		{F6C71074-7DE6-4286-8054-BECE9D8585CC}.Debug|Any CPU.Build.0 = Debug|Any CPU
		{F6C71074-7DE6-4286-8054-BECE9D8585CC}.Release|Any CPU.ActiveCfg = Release|Any CPU
		{F6C71074-7DE6-4286-8054-BECE9D8585CC}.Release|Any CPU.Build.0 = Release|Any CPU
	EndGlobalSection
	GlobalSection(SolutionProperties) = preSolution
		HideSolutionNode = FALSE
	EndGlobalSection
	GlobalSection(ExtensibilityGlobals) = postSolution
		SolutionGuid = {501E1A62-7689-49C9-82E5-EA07411D5381}
	EndGlobalSection
EndGlobal
