
Microsoft Visual Studio Solution File, Format Version 12.00
# Visual Studio 15
VisualStudioVersion = 15.0.27703.2035
MinimumVisualStudioVersion = 10.0.40219.1
Project("{FAE04EC0-301F-11D3-BF4B-00C04F79EFBC}") = "FahernhietToCelsius", "FahernhietToCelsius\FahernhietToCelsius.csproj", "{6E2E2614-D301-4D24-9D45-61257513247C}"
EndProject
Global
	GlobalSection(SolutionConfigurationPlatforms) = preSolution
		Debug|Any CPU = Debug|Any CPU
		Release|Any CPU = Release|Any CPU
	EndGlobalSection
	GlobalSection(ProjectConfigurationPlatforms) = postSolution
		{6E2E2614-D301-4D24-9D45-61257513247C}.Debug|Any CPU.ActiveCfg = Debug|Any CPU
		{6E2E2614-D301-4D24-9D45-61257513247C}.Debug|Any CPU.Build.0 = Debug|Any CPU
		{6E2E2614-D301-4D24-9D45-61257513247C}.Release|Any CPU.ActiveCfg = Release|Any CPU
		{6E2E2614-D301-4D24-9D45-61257513247C}.Release|Any CPU.Build.0 = Release|Any CPU
	EndGlobalSection
	GlobalSection(SolutionProperties) = preSolution
		HideSolutionNode = FALSE
	EndGlobalSection
	GlobalSection(ExtensibilityGlobals) = postSolution
		SolutionGuid = {C26889DE-06A8-430E-B777-52341F2C9B4E}
	EndGlobalSection
EndGlobal
