
Microsoft Visual Studio Solution File, Format Version 12.00
# Visual Studio 15
VisualStudioVersion = 15.0.27703.2035
MinimumVisualStudioVersion = 10.0.40219.1
Project("{FAE04EC0-301F-11D3-BF4B-00C04F79EFBC}") = "MadLibs", "MadLibs\MadLibs.csproj", "{3C8DB447-0386-49B2-B8E2-9B1A6DB0A495}"
EndProject
Global
	GlobalSection(SolutionConfigurationPlatforms) = preSolution
		Debug|Any CPU = Debug|Any CPU
		Release|Any CPU = Release|Any CPU
	EndGlobalSection
	GlobalSection(ProjectConfigurationPlatforms) = postSolution
		{3C8DB447-0386-49B2-B8E2-9B1A6DB0A495}.Debug|Any CPU.ActiveCfg = Debug|Any CPU
		{3C8DB447-0386-49B2-B8E2-9B1A6DB0A495}.Debug|Any CPU.Build.0 = Debug|Any CPU
		{3C8DB447-0386-49B2-B8E2-9B1A6DB0A495}.Release|Any CPU.ActiveCfg = Release|Any CPU
		{3C8DB447-0386-49B2-B8E2-9B1A6DB0A495}.Release|Any CPU.Build.0 = Release|Any CPU
	EndGlobalSection
	GlobalSection(SolutionProperties) = preSolution
		HideSolutionNode = FALSE
	EndGlobalSection
	GlobalSection(ExtensibilityGlobals) = postSolution
		SolutionGuid = {94DF8248-F7FE-49E6-A374-545245E48230}
	EndGlobalSection
EndGlobal
